
Microsoft Visual Studio Solution File, Format Version 12.00
# Visual Studio Version 17
VisualStudioVersion = 17.10.35027.167
MinimumVisualStudioVersion = 10.0.40219.1
Project("{2150E333-8FDC-42A3-9474-1A3956D46DE8}") = "install", "install", "{3EF560C1-0898-47E8-94B1-D2AD7F8FF3EB}"
EndProject
Project("{FAE04EC0-301F-11D3-BF4B-00C04F79EFBC}") = "Install", "Install\Install.csproj", "{BA22F523-0D68-4487-B68A-C7AC72ADCC7F}"
EndProject
Global
	GlobalSection(SolutionConfigurationPlatforms) = preSolution
		Debug|Any CPU = Debug|Any CPU
		Release|Any CPU = Release|Any CPU
	EndGlobalSection
	GlobalSection(ProjectConfigurationPlatforms) = postSolution
		{BA22F523-0D68-4487-B68A-C7AC72ADCC7F}.Debug|Any CPU.ActiveCfg = Debug|Any CPU
		{BA22F523-0D68-4487-B68A-C7AC72ADCC7F}.Debug|Any CPU.Build.0 = Debug|Any CPU
		{BA22F523-0D68-4487-B68A-C7AC72ADCC7F}.Release|Any CPU.ActiveCfg = Release|Any CPU
		{BA22F523-0D68-4487-B68A-C7AC72ADCC7F}.Release|Any CPU.Build.0 = Release|Any CPU
	EndGlobalSection
	GlobalSection(SolutionProperties) = preSolution
		HideSolutionNode = FALSE
	EndGlobalSection
	GlobalSection(NestedProjects) = preSolution
		{BA22F523-0D68-4487-B68A-C7AC72ADCC7F} = {3EF560C1-0898-47E8-94B1-D2AD7F8FF3EB}
	EndGlobalSection
	GlobalSection(ExtensibilityGlobals) = postSolution
		SolutionGuid = {3B312054-6C05-42E2-965D-1CC00E77C93F}
	EndGlobalSection
EndGlobal
