
Microsoft Visual Studio Solution File, Format Version 12.00
# Visual Studio Version 17
VisualStudioVersion = 17.10.35027.167
MinimumVisualStudioVersion = 10.0.40219.1
Project("{2150E333-8FDC-42A3-9474-1A3956D46DE8}") = "0 install", "0 install", "{3EF560C1-0898-47E8-94B1-D2AD7F8FF3EB}"
EndProject
Project("{9A19103F-16F7-4668-BE54-9A1E7A4F7556}") = "Install", "Install\Install.csproj", "{BA22F523-0D68-4487-B68A-C7AC72ADCC7F}"
EndProject
Project("{2150E333-8FDC-42A3-9474-1A3956D46DE8}") = "1 examples", "1 examples", "{626E7066-F6B3-49A0-A275-7EEB154CCE16}"
EndProject
Project("{9A19103F-16F7-4668-BE54-9A1E7A4F7556}") = "R", "R\R.csproj", "{26977EAB-5F26-45EA-B631-FEE8C797767D}"
EndProject
Project("{9A19103F-16F7-4668-BE54-9A1E7A4F7556}") = "JSON", "JSON\JSON.csproj", "{9770E64D-FE08-4250-A942-E32CE7441A4F}"
EndProject
Project("{9A19103F-16F7-4668-BE54-9A1E7A4F7556}") = "DOT", "DOT\DOT.csproj", "{C1C2F4D4-B0FC-4786-8E3B-2D034310598E}"
EndProject
Project("{9A19103F-16F7-4668-BE54-9A1E7A4F7556}") = "Cymbol", "Cymbol\Cymbol.csproj", "{1E8D424D-34B1-4D18-8D09-58F406561510}"
EndProject
Project("{9A19103F-16F7-4668-BE54-9A1E7A4F7556}") = "CSV", "CSV\CSV.csproj", "{13C070A7-9CB6-4FE9-A307-810497309DE5}"
EndProject
Project("{2150E333-8FDC-42A3-9474-1A3956D46DE8}") = "2 listeners", "2 listeners", "{716D4041-2AEC-4568-BF89-CF84BEA06D90}"
EndProject
Project("{9A19103F-16F7-4668-BE54-9A1E7A4F7556}") = "CSVListener", "CSVListener\CSVListener.csproj", "{20B92E1C-65C4-4D39-82D5-E12FF5596E55}"
EndProject
Project("{9A19103F-16F7-4668-BE54-9A1E7A4F7556}") = "JSONListener", "JSONListener\JSONListener.csproj", "{F7A4AA60-90DD-4419-A4FC-30077CA87B4A}"
EndProject
Project("{9A19103F-16F7-4668-BE54-9A1E7A4F7556}") = "Evaluator", "Evaluator\Evaluator.csproj", "{CABF6A26-4512-4DDD-9F3F-AA8155A1D52A}"
EndProject
Project("{9A19103F-16F7-4668-BE54-9A1E7A4F7556}") = "PropertyFile", "PropertyFile\PropertyFile.csproj", "{4DE953EA-AF74-4558-B54D-770976EDEF97}"
EndProject
Project("{9A19103F-16F7-4668-BE54-9A1E7A4F7556}") = "PropertyFileCoupled", "PropertyFileCoupled\PropertyFileCoupled.csproj", "{253C7ED7-D675-469E-BD65-4944130335B4}"
EndProject
Project("{9A19103F-16F7-4668-BE54-9A1E7A4F7556}") = "Cymbol_CallGraph", "Cymbol_CallGraph\Cymbol_CallGraph.csproj", "{C502F48C-43E9-4483-945A-F0F5237232B2}"
EndProject
Project("{9A19103F-16F7-4668-BE54-9A1E7A4F7556}") = "Cymbol_CheckSymbols", "Cymbol_CheckSymbols\Cymbol_CheckSymbols.csproj", "{CBFDCCC6-2138-4225-801F-8CB096C6CE5C}"
EndProject
Project("{9A19103F-16F7-4668-BE54-9A1E7A4F7556}") = "Starter", "Starter\Starter.csproj", "{20757A5D-2CBB-491D-9FD8-449090163B06}"
EndProject
Project("{2150E333-8FDC-42A3-9474-1A3956D46DE8}") = "3 tour", "3 tour", "{C4134F63-FE88-468A-B8B3-B6B0D803A13E}"
EndProject
Project("{9A19103F-16F7-4668-BE54-9A1E7A4F7556}") = "TestData", "TestData\TestData.csproj", "{5A388FAD-DF95-4DB3-9907-9FEBDBEF42EA}"
EndProject
Project("{9A19103F-16F7-4668-BE54-9A1E7A4F7556}") = "TestExpr", "TestExpr\TestExpr.csproj", "{77E5B557-B6F9-47C4-96A2-72E778FDD43F}"
EndProject
Project("{9A19103F-16F7-4668-BE54-9A1E7A4F7556}") = "TestExtractInterface", "TestExtractInterface\TestExtractInterface.csproj", "{BB0E20A6-DB2A-4D78-AABE-E70FA2EB1CE5}"
EndProject
Project("{9A19103F-16F7-4668-BE54-9A1E7A4F7556}") = "TestInsertSerialID", "TestInsertSerialID\TestInsertSerialID.csproj", "{7E27FAAE-1C81-4348-B2A0-C7A9CE1978CE}"
EndProject
Project("{9A19103F-16F7-4668-BE54-9A1E7A4F7556}") = "TestLabeledExpr", "TestLabeledExpr\TestLabeledExpr.csproj", "{BD255C79-D26E-47CF-9A52-4B8957FB4568}"
EndProject
Project("{9A19103F-16F7-4668-BE54-9A1E7A4F7556}") = "TestLibExpr", "TestLibExpr\TestLibExpr.csproj", "{6F15B0DD-8295-434C-BD0A-7C76DFCFCEE9}"
EndProject
Project("{9A19103F-16F7-4668-BE54-9A1E7A4F7556}") = "TestRows", "TestRows\TestRows.csproj", "{9E5BAEA9-F533-445D-AC67-6B87CA79C4C7}"
EndProject
Project("{9A19103F-16F7-4668-BE54-9A1E7A4F7556}") = "TestXMLLexer", "TestXMLLexer\TestXMLLexer.csproj", "{8BAE942F-8995-4773-BADA-44ED7AED0891}"
EndProject
Project("{2150E333-8FDC-42A3-9474-1A3956D46DE8}") = "4 actions", "4 actions", "{732D4204-C5B4-4728-ACB2-33114C24ECB5}"
EndProject
Project("{FAE04EC0-301F-11D3-BF4B-00C04F79EFBC}") = "TestToolExpr", "TestToolExpr\TestToolExpr.csproj", "{DB56123C-FF9D-4FF4-B0F5-2A7B2F8258FC}"
EndProject
Project("{FAE04EC0-301F-11D3-BF4B-00C04F79EFBC}") = "TestCSVAction", "TestCSVAction\TestCSVAction.csproj", "{C824B4C1-820F-46BD-813E-D2F84CE4361B}"
EndProject
Project("{FAE04EC0-301F-11D3-BF4B-00C04F79EFBC}") = "TestKeywordsAction", "TestKeywordsAction\TestKeywordsAction.csproj", "{6EF95E67-6F39-43CC-B6E0-D58F8A127090}"
EndProject
Project("{2150E333-8FDC-42A3-9474-1A3956D46DE8}") = "5 predicates", "5 predicates", "{4B7558EF-A76F-451E-A4C4-867BFA3634E3}"
EndProject
Project("{FAE04EC0-301F-11D3-BF4B-00C04F79EFBC}") = "TestCppStat", "TestCppStat\TestCppStat.csproj", "{053570E1-7AE3-4D32-917E-605D1B3D2DB4}"
EndProject
Project("{FAE04EC0-301F-11D3-BF4B-00C04F79EFBC}") = "TestEnum", "TestEnum\TestEnum.csproj", "{8639ED7D-817E-460C-88F4-EECEF0E4175E}"
EndProject
Project("{FAE04EC0-301F-11D3-BF4B-00C04F79EFBC}") = "TestEnum2", "TestEnum2\TestEnum2.csproj", "{03ABE89C-4820-49A1-A067-AB00B348553B}"
EndProject
Project("{FAE04EC0-301F-11D3-BF4B-00C04F79EFBC}") = "TestPredCppStat", "TestPredCppStat\TestPredCppStat.csproj", "{016E2BF7-E174-47E5-A2BD-FDFC0FD99AB4}"
EndProject
Project("{2150E333-8FDC-42A3-9474-1A3956D46DE8}") = "6 errors", "6 errors", "{DB2BE4FB-C282-46C2-BAC3-0D3E55E171B9}"
EndProject
Project("{FAE04EC0-301F-11D3-BF4B-00C04F79EFBC}") = "TestAmbig", "TestAmbig\TestAmbig.csproj", "{4AF1A664-A6E2-42F6-BDA1-89A5621DE5CB}"
EndProject
Project("{FAE04EC0-301F-11D3-BF4B-00C04F79EFBC}") = "TestBail", "TestBail\TestBail.csproj", "{54E1AC45-F89B-465C-9B01-7F062C09FC86}"
EndProject
Project("{FAE04EC0-301F-11D3-BF4B-00C04F79EFBC}") = "TestCall", "TestCall\TestCall.csproj", "{BACF3894-EEEF-4F20-8449-EB5D09A53940}"
EndProject
Project("{FAE04EC0-301F-11D3-BF4B-00C04F79EFBC}") = "TestF", "TestF\TestF.csproj", "{336C2C03-9F51-4EB8-9CC1-CE5DC61FD740}"
EndProject
Project("{FAE04EC0-301F-11D3-BF4B-00C04F79EFBC}") = "TestPred", "TestPred\TestPred.csproj", "{D9F8AEBE-5984-4242-BA46-25484B199DEA}"
EndProject
Global
	GlobalSection(SolutionConfigurationPlatforms) = preSolution
		Debug|Any CPU = Debug|Any CPU
		Release|Any CPU = Release|Any CPU
	EndGlobalSection
	GlobalSection(ProjectConfigurationPlatforms) = postSolution
		{BA22F523-0D68-4487-B68A-C7AC72ADCC7F}.Debug|Any CPU.ActiveCfg = Debug|Any CPU
		{BA22F523-0D68-4487-B68A-C7AC72ADCC7F}.Debug|Any CPU.Build.0 = Debug|Any CPU
		{BA22F523-0D68-4487-B68A-C7AC72ADCC7F}.Release|Any CPU.ActiveCfg = Release|Any CPU
		{BA22F523-0D68-4487-B68A-C7AC72ADCC7F}.Release|Any CPU.Build.0 = Release|Any CPU
		{26977EAB-5F26-45EA-B631-FEE8C797767D}.Debug|Any CPU.ActiveCfg = Debug|Any CPU
		{26977EAB-5F26-45EA-B631-FEE8C797767D}.Debug|Any CPU.Build.0 = Debug|Any CPU
		{26977EAB-5F26-45EA-B631-FEE8C797767D}.Release|Any CPU.ActiveCfg = Release|Any CPU
		{26977EAB-5F26-45EA-B631-FEE8C797767D}.Release|Any CPU.Build.0 = Release|Any CPU
		{9770E64D-FE08-4250-A942-E32CE7441A4F}.Debug|Any CPU.ActiveCfg = Debug|Any CPU
		{9770E64D-FE08-4250-A942-E32CE7441A4F}.Debug|Any CPU.Build.0 = Debug|Any CPU
		{9770E64D-FE08-4250-A942-E32CE7441A4F}.Release|Any CPU.ActiveCfg = Release|Any CPU
		{9770E64D-FE08-4250-A942-E32CE7441A4F}.Release|Any CPU.Build.0 = Release|Any CPU
		{C1C2F4D4-B0FC-4786-8E3B-2D034310598E}.Debug|Any CPU.ActiveCfg = Debug|Any CPU
		{C1C2F4D4-B0FC-4786-8E3B-2D034310598E}.Debug|Any CPU.Build.0 = Debug|Any CPU
		{C1C2F4D4-B0FC-4786-8E3B-2D034310598E}.Release|Any CPU.ActiveCfg = Release|Any CPU
		{C1C2F4D4-B0FC-4786-8E3B-2D034310598E}.Release|Any CPU.Build.0 = Release|Any CPU
		{1E8D424D-34B1-4D18-8D09-58F406561510}.Debug|Any CPU.ActiveCfg = Debug|Any CPU
		{1E8D424D-34B1-4D18-8D09-58F406561510}.Debug|Any CPU.Build.0 = Debug|Any CPU
		{1E8D424D-34B1-4D18-8D09-58F406561510}.Release|Any CPU.ActiveCfg = Release|Any CPU
		{1E8D424D-34B1-4D18-8D09-58F406561510}.Release|Any CPU.Build.0 = Release|Any CPU
		{13C070A7-9CB6-4FE9-A307-810497309DE5}.Debug|Any CPU.ActiveCfg = Debug|Any CPU
		{13C070A7-9CB6-4FE9-A307-810497309DE5}.Debug|Any CPU.Build.0 = Debug|Any CPU
		{13C070A7-9CB6-4FE9-A307-810497309DE5}.Release|Any CPU.ActiveCfg = Release|Any CPU
		{13C070A7-9CB6-4FE9-A307-810497309DE5}.Release|Any CPU.Build.0 = Release|Any CPU
		{20B92E1C-65C4-4D39-82D5-E12FF5596E55}.Debug|Any CPU.ActiveCfg = Debug|Any CPU
		{20B92E1C-65C4-4D39-82D5-E12FF5596E55}.Debug|Any CPU.Build.0 = Debug|Any CPU
		{20B92E1C-65C4-4D39-82D5-E12FF5596E55}.Release|Any CPU.ActiveCfg = Release|Any CPU
		{20B92E1C-65C4-4D39-82D5-E12FF5596E55}.Release|Any CPU.Build.0 = Release|Any CPU
		{F7A4AA60-90DD-4419-A4FC-30077CA87B4A}.Debug|Any CPU.ActiveCfg = Debug|Any CPU
		{F7A4AA60-90DD-4419-A4FC-30077CA87B4A}.Debug|Any CPU.Build.0 = Debug|Any CPU
		{F7A4AA60-90DD-4419-A4FC-30077CA87B4A}.Release|Any CPU.ActiveCfg = Release|Any CPU
		{F7A4AA60-90DD-4419-A4FC-30077CA87B4A}.Release|Any CPU.Build.0 = Release|Any CPU
		{CABF6A26-4512-4DDD-9F3F-AA8155A1D52A}.Debug|Any CPU.ActiveCfg = Debug|Any CPU
		{CABF6A26-4512-4DDD-9F3F-AA8155A1D52A}.Debug|Any CPU.Build.0 = Debug|Any CPU
		{CABF6A26-4512-4DDD-9F3F-AA8155A1D52A}.Release|Any CPU.ActiveCfg = Release|Any CPU
		{CABF6A26-4512-4DDD-9F3F-AA8155A1D52A}.Release|Any CPU.Build.0 = Release|Any CPU
		{4DE953EA-AF74-4558-B54D-770976EDEF97}.Debug|Any CPU.ActiveCfg = Debug|Any CPU
		{4DE953EA-AF74-4558-B54D-770976EDEF97}.Debug|Any CPU.Build.0 = Debug|Any CPU
		{4DE953EA-AF74-4558-B54D-770976EDEF97}.Release|Any CPU.ActiveCfg = Release|Any CPU
		{4DE953EA-AF74-4558-B54D-770976EDEF97}.Release|Any CPU.Build.0 = Release|Any CPU
		{253C7ED7-D675-469E-BD65-4944130335B4}.Debug|Any CPU.ActiveCfg = Debug|Any CPU
		{253C7ED7-D675-469E-BD65-4944130335B4}.Debug|Any CPU.Build.0 = Debug|Any CPU
		{253C7ED7-D675-469E-BD65-4944130335B4}.Release|Any CPU.ActiveCfg = Release|Any CPU
		{253C7ED7-D675-469E-BD65-4944130335B4}.Release|Any CPU.Build.0 = Release|Any CPU
		{C502F48C-43E9-4483-945A-F0F5237232B2}.Debug|Any CPU.ActiveCfg = Debug|Any CPU
		{C502F48C-43E9-4483-945A-F0F5237232B2}.Debug|Any CPU.Build.0 = Debug|Any CPU
		{C502F48C-43E9-4483-945A-F0F5237232B2}.Release|Any CPU.ActiveCfg = Release|Any CPU
		{C502F48C-43E9-4483-945A-F0F5237232B2}.Release|Any CPU.Build.0 = Release|Any CPU
		{CBFDCCC6-2138-4225-801F-8CB096C6CE5C}.Debug|Any CPU.ActiveCfg = Debug|Any CPU
		{CBFDCCC6-2138-4225-801F-8CB096C6CE5C}.Debug|Any CPU.Build.0 = Debug|Any CPU
		{CBFDCCC6-2138-4225-801F-8CB096C6CE5C}.Release|Any CPU.ActiveCfg = Release|Any CPU
		{CBFDCCC6-2138-4225-801F-8CB096C6CE5C}.Release|Any CPU.Build.0 = Release|Any CPU
		{20757A5D-2CBB-491D-9FD8-449090163B06}.Debug|Any CPU.ActiveCfg = Debug|Any CPU
		{20757A5D-2CBB-491D-9FD8-449090163B06}.Debug|Any CPU.Build.0 = Debug|Any CPU
		{20757A5D-2CBB-491D-9FD8-449090163B06}.Release|Any CPU.ActiveCfg = Release|Any CPU
		{20757A5D-2CBB-491D-9FD8-449090163B06}.Release|Any CPU.Build.0 = Release|Any CPU
		{5A388FAD-DF95-4DB3-9907-9FEBDBEF42EA}.Debug|Any CPU.ActiveCfg = Debug|Any CPU
		{5A388FAD-DF95-4DB3-9907-9FEBDBEF42EA}.Debug|Any CPU.Build.0 = Debug|Any CPU
		{5A388FAD-DF95-4DB3-9907-9FEBDBEF42EA}.Release|Any CPU.ActiveCfg = Release|Any CPU
		{5A388FAD-DF95-4DB3-9907-9FEBDBEF42EA}.Release|Any CPU.Build.0 = Release|Any CPU
		{77E5B557-B6F9-47C4-96A2-72E778FDD43F}.Debug|Any CPU.ActiveCfg = Debug|Any CPU
		{77E5B557-B6F9-47C4-96A2-72E778FDD43F}.Debug|Any CPU.Build.0 = Debug|Any CPU
		{77E5B557-B6F9-47C4-96A2-72E778FDD43F}.Release|Any CPU.ActiveCfg = Release|Any CPU
		{77E5B557-B6F9-47C4-96A2-72E778FDD43F}.Release|Any CPU.Build.0 = Release|Any CPU
		{BB0E20A6-DB2A-4D78-AABE-E70FA2EB1CE5}.Debug|Any CPU.ActiveCfg = Debug|Any CPU
		{BB0E20A6-DB2A-4D78-AABE-E70FA2EB1CE5}.Debug|Any CPU.Build.0 = Debug|Any CPU
		{BB0E20A6-DB2A-4D78-AABE-E70FA2EB1CE5}.Release|Any CPU.ActiveCfg = Release|Any CPU
		{BB0E20A6-DB2A-4D78-AABE-E70FA2EB1CE5}.Release|Any CPU.Build.0 = Release|Any CPU
		{7E27FAAE-1C81-4348-B2A0-C7A9CE1978CE}.Debug|Any CPU.ActiveCfg = Debug|Any CPU
		{7E27FAAE-1C81-4348-B2A0-C7A9CE1978CE}.Debug|Any CPU.Build.0 = Debug|Any CPU
		{7E27FAAE-1C81-4348-B2A0-C7A9CE1978CE}.Release|Any CPU.ActiveCfg = Release|Any CPU
		{7E27FAAE-1C81-4348-B2A0-C7A9CE1978CE}.Release|Any CPU.Build.0 = Release|Any CPU
		{BD255C79-D26E-47CF-9A52-4B8957FB4568}.Debug|Any CPU.ActiveCfg = Debug|Any CPU
		{BD255C79-D26E-47CF-9A52-4B8957FB4568}.Debug|Any CPU.Build.0 = Debug|Any CPU
		{BD255C79-D26E-47CF-9A52-4B8957FB4568}.Release|Any CPU.ActiveCfg = Release|Any CPU
		{BD255C79-D26E-47CF-9A52-4B8957FB4568}.Release|Any CPU.Build.0 = Release|Any CPU
		{6F15B0DD-8295-434C-BD0A-7C76DFCFCEE9}.Debug|Any CPU.ActiveCfg = Debug|Any CPU
		{6F15B0DD-8295-434C-BD0A-7C76DFCFCEE9}.Debug|Any CPU.Build.0 = Debug|Any CPU
		{6F15B0DD-8295-434C-BD0A-7C76DFCFCEE9}.Release|Any CPU.ActiveCfg = Release|Any CPU
		{6F15B0DD-8295-434C-BD0A-7C76DFCFCEE9}.Release|Any CPU.Build.0 = Release|Any CPU
		{9E5BAEA9-F533-445D-AC67-6B87CA79C4C7}.Debug|Any CPU.ActiveCfg = Debug|Any CPU
		{9E5BAEA9-F533-445D-AC67-6B87CA79C4C7}.Debug|Any CPU.Build.0 = Debug|Any CPU
		{9E5BAEA9-F533-445D-AC67-6B87CA79C4C7}.Release|Any CPU.ActiveCfg = Release|Any CPU
		{9E5BAEA9-F533-445D-AC67-6B87CA79C4C7}.Release|Any CPU.Build.0 = Release|Any CPU
		{8BAE942F-8995-4773-BADA-44ED7AED0891}.Debug|Any CPU.ActiveCfg = Debug|Any CPU
		{8BAE942F-8995-4773-BADA-44ED7AED0891}.Debug|Any CPU.Build.0 = Debug|Any CPU
		{8BAE942F-8995-4773-BADA-44ED7AED0891}.Release|Any CPU.ActiveCfg = Release|Any CPU
		{8BAE942F-8995-4773-BADA-44ED7AED0891}.Release|Any CPU.Build.0 = Release|Any CPU
		{DB56123C-FF9D-4FF4-B0F5-2A7B2F8258FC}.Debug|Any CPU.ActiveCfg = Debug|Any CPU
		{DB56123C-FF9D-4FF4-B0F5-2A7B2F8258FC}.Debug|Any CPU.Build.0 = Debug|Any CPU
		{DB56123C-FF9D-4FF4-B0F5-2A7B2F8258FC}.Release|Any CPU.ActiveCfg = Release|Any CPU
		{DB56123C-FF9D-4FF4-B0F5-2A7B2F8258FC}.Release|Any CPU.Build.0 = Release|Any CPU
		{C824B4C1-820F-46BD-813E-D2F84CE4361B}.Debug|Any CPU.ActiveCfg = Debug|Any CPU
		{C824B4C1-820F-46BD-813E-D2F84CE4361B}.Debug|Any CPU.Build.0 = Debug|Any CPU
		{C824B4C1-820F-46BD-813E-D2F84CE4361B}.Release|Any CPU.ActiveCfg = Release|Any CPU
		{C824B4C1-820F-46BD-813E-D2F84CE4361B}.Release|Any CPU.Build.0 = Release|Any CPU
		{6EF95E67-6F39-43CC-B6E0-D58F8A127090}.Debug|Any CPU.ActiveCfg = Debug|Any CPU
		{6EF95E67-6F39-43CC-B6E0-D58F8A127090}.Debug|Any CPU.Build.0 = Debug|Any CPU
		{6EF95E67-6F39-43CC-B6E0-D58F8A127090}.Release|Any CPU.ActiveCfg = Release|Any CPU
		{6EF95E67-6F39-43CC-B6E0-D58F8A127090}.Release|Any CPU.Build.0 = Release|Any CPU
		{053570E1-7AE3-4D32-917E-605D1B3D2DB4}.Debug|Any CPU.ActiveCfg = Debug|Any CPU
		{053570E1-7AE3-4D32-917E-605D1B3D2DB4}.Debug|Any CPU.Build.0 = Debug|Any CPU
		{053570E1-7AE3-4D32-917E-605D1B3D2DB4}.Release|Any CPU.ActiveCfg = Release|Any CPU
		{053570E1-7AE3-4D32-917E-605D1B3D2DB4}.Release|Any CPU.Build.0 = Release|Any CPU
		{8639ED7D-817E-460C-88F4-EECEF0E4175E}.Debug|Any CPU.ActiveCfg = Debug|Any CPU
		{8639ED7D-817E-460C-88F4-EECEF0E4175E}.Debug|Any CPU.Build.0 = Debug|Any CPU
		{8639ED7D-817E-460C-88F4-EECEF0E4175E}.Release|Any CPU.ActiveCfg = Release|Any CPU
		{8639ED7D-817E-460C-88F4-EECEF0E4175E}.Release|Any CPU.Build.0 = Release|Any CPU
		{03ABE89C-4820-49A1-A067-AB00B348553B}.Debug|Any CPU.ActiveCfg = Debug|Any CPU
		{03ABE89C-4820-49A1-A067-AB00B348553B}.Debug|Any CPU.Build.0 = Debug|Any CPU
		{03ABE89C-4820-49A1-A067-AB00B348553B}.Release|Any CPU.ActiveCfg = Release|Any CPU
		{03ABE89C-4820-49A1-A067-AB00B348553B}.Release|Any CPU.Build.0 = Release|Any CPU
		{016E2BF7-E174-47E5-A2BD-FDFC0FD99AB4}.Debug|Any CPU.ActiveCfg = Debug|Any CPU
		{016E2BF7-E174-47E5-A2BD-FDFC0FD99AB4}.Debug|Any CPU.Build.0 = Debug|Any CPU
		{016E2BF7-E174-47E5-A2BD-FDFC0FD99AB4}.Release|Any CPU.ActiveCfg = Release|Any CPU
		{016E2BF7-E174-47E5-A2BD-FDFC0FD99AB4}.Release|Any CPU.Build.0 = Release|Any CPU
		{4AF1A664-A6E2-42F6-BDA1-89A5621DE5CB}.Debug|Any CPU.ActiveCfg = Debug|Any CPU
		{4AF1A664-A6E2-42F6-BDA1-89A5621DE5CB}.Debug|Any CPU.Build.0 = Debug|Any CPU
		{4AF1A664-A6E2-42F6-BDA1-89A5621DE5CB}.Release|Any CPU.ActiveCfg = Release|Any CPU
		{4AF1A664-A6E2-42F6-BDA1-89A5621DE5CB}.Release|Any CPU.Build.0 = Release|Any CPU
		{54E1AC45-F89B-465C-9B01-7F062C09FC86}.Debug|Any CPU.ActiveCfg = Debug|Any CPU
		{54E1AC45-F89B-465C-9B01-7F062C09FC86}.Debug|Any CPU.Build.0 = Debug|Any CPU
		{54E1AC45-F89B-465C-9B01-7F062C09FC86}.Release|Any CPU.ActiveCfg = Release|Any CPU
		{54E1AC45-F89B-465C-9B01-7F062C09FC86}.Release|Any CPU.Build.0 = Release|Any CPU
		{BACF3894-EEEF-4F20-8449-EB5D09A53940}.Debug|Any CPU.ActiveCfg = Debug|Any CPU
		{BACF3894-EEEF-4F20-8449-EB5D09A53940}.Debug|Any CPU.Build.0 = Debug|Any CPU
		{BACF3894-EEEF-4F20-8449-EB5D09A53940}.Release|Any CPU.ActiveCfg = Release|Any CPU
		{BACF3894-EEEF-4F20-8449-EB5D09A53940}.Release|Any CPU.Build.0 = Release|Any CPU
		{336C2C03-9F51-4EB8-9CC1-CE5DC61FD740}.Debug|Any CPU.ActiveCfg = Debug|Any CPU
		{336C2C03-9F51-4EB8-9CC1-CE5DC61FD740}.Debug|Any CPU.Build.0 = Debug|Any CPU
		{336C2C03-9F51-4EB8-9CC1-CE5DC61FD740}.Release|Any CPU.ActiveCfg = Release|Any CPU
		{336C2C03-9F51-4EB8-9CC1-CE5DC61FD740}.Release|Any CPU.Build.0 = Release|Any CPU
		{D9F8AEBE-5984-4242-BA46-25484B199DEA}.Debug|Any CPU.ActiveCfg = Debug|Any CPU
		{D9F8AEBE-5984-4242-BA46-25484B199DEA}.Debug|Any CPU.Build.0 = Debug|Any CPU
		{D9F8AEBE-5984-4242-BA46-25484B199DEA}.Release|Any CPU.ActiveCfg = Release|Any CPU
		{D9F8AEBE-5984-4242-BA46-25484B199DEA}.Release|Any CPU.Build.0 = Release|Any CPU
	EndGlobalSection
	GlobalSection(SolutionProperties) = preSolution
		HideSolutionNode = FALSE
	EndGlobalSection
	GlobalSection(NestedProjects) = preSolution
		{BA22F523-0D68-4487-B68A-C7AC72ADCC7F} = {3EF560C1-0898-47E8-94B1-D2AD7F8FF3EB}
		{26977EAB-5F26-45EA-B631-FEE8C797767D} = {626E7066-F6B3-49A0-A275-7EEB154CCE16}
		{9770E64D-FE08-4250-A942-E32CE7441A4F} = {626E7066-F6B3-49A0-A275-7EEB154CCE16}
		{C1C2F4D4-B0FC-4786-8E3B-2D034310598E} = {626E7066-F6B3-49A0-A275-7EEB154CCE16}
		{1E8D424D-34B1-4D18-8D09-58F406561510} = {626E7066-F6B3-49A0-A275-7EEB154CCE16}
		{13C070A7-9CB6-4FE9-A307-810497309DE5} = {626E7066-F6B3-49A0-A275-7EEB154CCE16}
		{20B92E1C-65C4-4D39-82D5-E12FF5596E55} = {716D4041-2AEC-4568-BF89-CF84BEA06D90}
		{F7A4AA60-90DD-4419-A4FC-30077CA87B4A} = {716D4041-2AEC-4568-BF89-CF84BEA06D90}
		{CABF6A26-4512-4DDD-9F3F-AA8155A1D52A} = {716D4041-2AEC-4568-BF89-CF84BEA06D90}
		{4DE953EA-AF74-4558-B54D-770976EDEF97} = {716D4041-2AEC-4568-BF89-CF84BEA06D90}
		{253C7ED7-D675-469E-BD65-4944130335B4} = {716D4041-2AEC-4568-BF89-CF84BEA06D90}
		{C502F48C-43E9-4483-945A-F0F5237232B2} = {716D4041-2AEC-4568-BF89-CF84BEA06D90}
		{CBFDCCC6-2138-4225-801F-8CB096C6CE5C} = {716D4041-2AEC-4568-BF89-CF84BEA06D90}
		{20757A5D-2CBB-491D-9FD8-449090163B06} = {3EF560C1-0898-47E8-94B1-D2AD7F8FF3EB}
		{5A388FAD-DF95-4DB3-9907-9FEBDBEF42EA} = {C4134F63-FE88-468A-B8B3-B6B0D803A13E}
		{77E5B557-B6F9-47C4-96A2-72E778FDD43F} = {C4134F63-FE88-468A-B8B3-B6B0D803A13E}
		{BB0E20A6-DB2A-4D78-AABE-E70FA2EB1CE5} = {C4134F63-FE88-468A-B8B3-B6B0D803A13E}
		{7E27FAAE-1C81-4348-B2A0-C7A9CE1978CE} = {C4134F63-FE88-468A-B8B3-B6B0D803A13E}
		{BD255C79-D26E-47CF-9A52-4B8957FB4568} = {C4134F63-FE88-468A-B8B3-B6B0D803A13E}
		{6F15B0DD-8295-434C-BD0A-7C76DFCFCEE9} = {C4134F63-FE88-468A-B8B3-B6B0D803A13E}
		{9E5BAEA9-F533-445D-AC67-6B87CA79C4C7} = {C4134F63-FE88-468A-B8B3-B6B0D803A13E}
		{8BAE942F-8995-4773-BADA-44ED7AED0891} = {C4134F63-FE88-468A-B8B3-B6B0D803A13E}
		{DB56123C-FF9D-4FF4-B0F5-2A7B2F8258FC} = {732D4204-C5B4-4728-ACB2-33114C24ECB5}
		{C824B4C1-820F-46BD-813E-D2F84CE4361B} = {732D4204-C5B4-4728-ACB2-33114C24ECB5}
		{6EF95E67-6F39-43CC-B6E0-D58F8A127090} = {732D4204-C5B4-4728-ACB2-33114C24ECB5}
		{053570E1-7AE3-4D32-917E-605D1B3D2DB4} = {4B7558EF-A76F-451E-A4C4-867BFA3634E3}
		{8639ED7D-817E-460C-88F4-EECEF0E4175E} = {4B7558EF-A76F-451E-A4C4-867BFA3634E3}
		{03ABE89C-4820-49A1-A067-AB00B348553B} = {4B7558EF-A76F-451E-A4C4-867BFA3634E3}
		{016E2BF7-E174-47E5-A2BD-FDFC0FD99AB4} = {4B7558EF-A76F-451E-A4C4-867BFA3634E3}
		{4AF1A664-A6E2-42F6-BDA1-89A5621DE5CB} = {DB2BE4FB-C282-46C2-BAC3-0D3E55E171B9}
		{54E1AC45-F89B-465C-9B01-7F062C09FC86} = {DB2BE4FB-C282-46C2-BAC3-0D3E55E171B9}
		{BACF3894-EEEF-4F20-8449-EB5D09A53940} = {DB2BE4FB-C282-46C2-BAC3-0D3E55E171B9}
		{336C2C03-9F51-4EB8-9CC1-CE5DC61FD740} = {DB2BE4FB-C282-46C2-BAC3-0D3E55E171B9}
		{D9F8AEBE-5984-4242-BA46-25484B199DEA} = {DB2BE4FB-C282-46C2-BAC3-0D3E55E171B9}
	EndGlobalSection
	GlobalSection(ExtensibilityGlobals) = postSolution
		SolutionGuid = {3B312054-6C05-42E2-965D-1CC00E77C93F}
	EndGlobalSection
EndGlobal
