
Microsoft Visual Studio Solution File, Format Version 12.00
# Visual Studio Version 17
VisualStudioVersion = 17.10.35027.167
MinimumVisualStudioVersion = 10.0.40219.1
Project("{2150E333-8FDC-42A3-9474-1A3956D46DE8}") = "0 install", "0 install", "{3EF560C1-0898-47E8-94B1-D2AD7F8FF3EB}"
EndProject
Project("{9A19103F-16F7-4668-BE54-9A1E7A4F7556}") = "Install", "Install\Install.csproj", "{BA22F523-0D68-4487-B68A-C7AC72ADCC7F}"
EndProject
Project("{2150E333-8FDC-42A3-9474-1A3956D46DE8}") = "1 examples", "1 examples", "{626E7066-F6B3-49A0-A275-7EEB154CCE16}"
EndProject
Project("{9A19103F-16F7-4668-BE54-9A1E7A4F7556}") = "R", "R\R.csproj", "{26977EAB-5F26-45EA-B631-FEE8C797767D}"
EndProject
Project("{9A19103F-16F7-4668-BE54-9A1E7A4F7556}") = "JSON", "JSON\JSON.csproj", "{9770E64D-FE08-4250-A942-E32CE7441A4F}"
EndProject
Project("{9A19103F-16F7-4668-BE54-9A1E7A4F7556}") = "DOT", "DOT\DOT.csproj", "{C1C2F4D4-B0FC-4786-8E3B-2D034310598E}"
EndProject
Project("{9A19103F-16F7-4668-BE54-9A1E7A4F7556}") = "Cymbol", "Cymbol\Cymbol.csproj", "{1E8D424D-34B1-4D18-8D09-58F406561510}"
EndProject
Project("{9A19103F-16F7-4668-BE54-9A1E7A4F7556}") = "CSV", "CSV\CSV.csproj", "{13C070A7-9CB6-4FE9-A307-810497309DE5}"
EndProject
Project("{2150E333-8FDC-42A3-9474-1A3956D46DE8}") = "2 listeners", "2 listeners", "{716D4041-2AEC-4568-BF89-CF84BEA06D90}"
EndProject
Project("{9A19103F-16F7-4668-BE54-9A1E7A4F7556}") = "CSVListener", "CSVListener\CSVListener.csproj", "{20B92E1C-65C4-4D39-82D5-E12FF5596E55}"
EndProject
Project("{9A19103F-16F7-4668-BE54-9A1E7A4F7556}") = "JSONListener", "JSONListener\JSONListener.csproj", "{F7A4AA60-90DD-4419-A4FC-30077CA87B4A}"
EndProject
Project("{FAE04EC0-301F-11D3-BF4B-00C04F79EFBC}") = "Evaluator", "Evaluator\Evaluator.csproj", "{CABF6A26-4512-4DDD-9F3F-AA8155A1D52A}"
EndProject
Project("{FAE04EC0-301F-11D3-BF4B-00C04F79EFBC}") = "PropertyFile", "PropertyFile\PropertyFile.csproj", "{4DE953EA-AF74-4558-B54D-770976EDEF97}"
EndProject
Global
	GlobalSection(SolutionConfigurationPlatforms) = preSolution
		Debug|Any CPU = Debug|Any CPU
		Release|Any CPU = Release|Any CPU
	EndGlobalSection
	GlobalSection(ProjectConfigurationPlatforms) = postSolution
		{BA22F523-0D68-4487-B68A-C7AC72ADCC7F}.Debug|Any CPU.ActiveCfg = Debug|Any CPU
		{BA22F523-0D68-4487-B68A-C7AC72ADCC7F}.Debug|Any CPU.Build.0 = Debug|Any CPU
		{BA22F523-0D68-4487-B68A-C7AC72ADCC7F}.Release|Any CPU.ActiveCfg = Release|Any CPU
		{BA22F523-0D68-4487-B68A-C7AC72ADCC7F}.Release|Any CPU.Build.0 = Release|Any CPU
		{26977EAB-5F26-45EA-B631-FEE8C797767D}.Debug|Any CPU.ActiveCfg = Debug|Any CPU
		{26977EAB-5F26-45EA-B631-FEE8C797767D}.Debug|Any CPU.Build.0 = Debug|Any CPU
		{26977EAB-5F26-45EA-B631-FEE8C797767D}.Release|Any CPU.ActiveCfg = Release|Any CPU
		{26977EAB-5F26-45EA-B631-FEE8C797767D}.Release|Any CPU.Build.0 = Release|Any CPU
		{9770E64D-FE08-4250-A942-E32CE7441A4F}.Debug|Any CPU.ActiveCfg = Debug|Any CPU
		{9770E64D-FE08-4250-A942-E32CE7441A4F}.Debug|Any CPU.Build.0 = Debug|Any CPU
		{9770E64D-FE08-4250-A942-E32CE7441A4F}.Release|Any CPU.ActiveCfg = Release|Any CPU
		{9770E64D-FE08-4250-A942-E32CE7441A4F}.Release|Any CPU.Build.0 = Release|Any CPU
		{C1C2F4D4-B0FC-4786-8E3B-2D034310598E}.Debug|Any CPU.ActiveCfg = Debug|Any CPU
		{C1C2F4D4-B0FC-4786-8E3B-2D034310598E}.Debug|Any CPU.Build.0 = Debug|Any CPU
		{C1C2F4D4-B0FC-4786-8E3B-2D034310598E}.Release|Any CPU.ActiveCfg = Release|Any CPU
		{C1C2F4D4-B0FC-4786-8E3B-2D034310598E}.Release|Any CPU.Build.0 = Release|Any CPU
		{1E8D424D-34B1-4D18-8D09-58F406561510}.Debug|Any CPU.ActiveCfg = Debug|Any CPU
		{1E8D424D-34B1-4D18-8D09-58F406561510}.Debug|Any CPU.Build.0 = Debug|Any CPU
		{1E8D424D-34B1-4D18-8D09-58F406561510}.Release|Any CPU.ActiveCfg = Release|Any CPU
		{1E8D424D-34B1-4D18-8D09-58F406561510}.Release|Any CPU.Build.0 = Release|Any CPU
		{13C070A7-9CB6-4FE9-A307-810497309DE5}.Debug|Any CPU.ActiveCfg = Debug|Any CPU
		{13C070A7-9CB6-4FE9-A307-810497309DE5}.Debug|Any CPU.Build.0 = Debug|Any CPU
		{13C070A7-9CB6-4FE9-A307-810497309DE5}.Release|Any CPU.ActiveCfg = Release|Any CPU
		{13C070A7-9CB6-4FE9-A307-810497309DE5}.Release|Any CPU.Build.0 = Release|Any CPU
		{20B92E1C-65C4-4D39-82D5-E12FF5596E55}.Debug|Any CPU.ActiveCfg = Debug|Any CPU
		{20B92E1C-65C4-4D39-82D5-E12FF5596E55}.Debug|Any CPU.Build.0 = Debug|Any CPU
		{20B92E1C-65C4-4D39-82D5-E12FF5596E55}.Release|Any CPU.ActiveCfg = Release|Any CPU
		{20B92E1C-65C4-4D39-82D5-E12FF5596E55}.Release|Any CPU.Build.0 = Release|Any CPU
		{F7A4AA60-90DD-4419-A4FC-30077CA87B4A}.Debug|Any CPU.ActiveCfg = Debug|Any CPU
		{F7A4AA60-90DD-4419-A4FC-30077CA87B4A}.Debug|Any CPU.Build.0 = Debug|Any CPU
		{F7A4AA60-90DD-4419-A4FC-30077CA87B4A}.Release|Any CPU.ActiveCfg = Release|Any CPU
		{F7A4AA60-90DD-4419-A4FC-30077CA87B4A}.Release|Any CPU.Build.0 = Release|Any CPU
		{CABF6A26-4512-4DDD-9F3F-AA8155A1D52A}.Debug|Any CPU.ActiveCfg = Debug|Any CPU
		{CABF6A26-4512-4DDD-9F3F-AA8155A1D52A}.Debug|Any CPU.Build.0 = Debug|Any CPU
		{CABF6A26-4512-4DDD-9F3F-AA8155A1D52A}.Release|Any CPU.ActiveCfg = Release|Any CPU
		{CABF6A26-4512-4DDD-9F3F-AA8155A1D52A}.Release|Any CPU.Build.0 = Release|Any CPU
		{4DE953EA-AF74-4558-B54D-770976EDEF97}.Debug|Any CPU.ActiveCfg = Debug|Any CPU
		{4DE953EA-AF74-4558-B54D-770976EDEF97}.Debug|Any CPU.Build.0 = Debug|Any CPU
		{4DE953EA-AF74-4558-B54D-770976EDEF97}.Release|Any CPU.ActiveCfg = Release|Any CPU
		{4DE953EA-AF74-4558-B54D-770976EDEF97}.Release|Any CPU.Build.0 = Release|Any CPU
	EndGlobalSection
	GlobalSection(SolutionProperties) = preSolution
		HideSolutionNode = FALSE
	EndGlobalSection
	GlobalSection(NestedProjects) = preSolution
		{BA22F523-0D68-4487-B68A-C7AC72ADCC7F} = {3EF560C1-0898-47E8-94B1-D2AD7F8FF3EB}
		{26977EAB-5F26-45EA-B631-FEE8C797767D} = {626E7066-F6B3-49A0-A275-7EEB154CCE16}
		{9770E64D-FE08-4250-A942-E32CE7441A4F} = {626E7066-F6B3-49A0-A275-7EEB154CCE16}
		{C1C2F4D4-B0FC-4786-8E3B-2D034310598E} = {626E7066-F6B3-49A0-A275-7EEB154CCE16}
		{1E8D424D-34B1-4D18-8D09-58F406561510} = {626E7066-F6B3-49A0-A275-7EEB154CCE16}
		{13C070A7-9CB6-4FE9-A307-810497309DE5} = {626E7066-F6B3-49A0-A275-7EEB154CCE16}
		{20B92E1C-65C4-4D39-82D5-E12FF5596E55} = {716D4041-2AEC-4568-BF89-CF84BEA06D90}
		{F7A4AA60-90DD-4419-A4FC-30077CA87B4A} = {716D4041-2AEC-4568-BF89-CF84BEA06D90}
		{CABF6A26-4512-4DDD-9F3F-AA8155A1D52A} = {716D4041-2AEC-4568-BF89-CF84BEA06D90}
		{4DE953EA-AF74-4558-B54D-770976EDEF97} = {716D4041-2AEC-4568-BF89-CF84BEA06D90}
	EndGlobalSection
	GlobalSection(ExtensibilityGlobals) = postSolution
		SolutionGuid = {3B312054-6C05-42E2-965D-1CC00E77C93F}
	EndGlobalSection
EndGlobal
